
Microsoft Visual Studio Solution File, Format Version 12.00
# Visual Studio Version 17
VisualStudioVersion = 17.11.35208.52
MinimumVisualStudioVersion = 10.0.40219.1
Project("{FAE04EC0-301F-11D3-BF4B-00C04F79EFBC}") = "DuThuyenHoTay", "DuThuyenHoTay.csproj", "{A3B1CFF3-D6CC-46EF-A7E5-3EE7F19EE096}"
EndProject
Global
	GlobalSection(SolutionConfigurationPlatforms) = preSolution
		Debug|Any CPU = Debug|Any CPU
		Release|Any CPU = Release|Any CPU
	EndGlobalSection
	GlobalSection(ProjectConfigurationPlatforms) = postSolution
		{A3B1CFF3-D6CC-46EF-A7E5-3EE7F19EE096}.Debug|Any CPU.ActiveCfg = Debug|Any CPU
		{A3B1CFF3-D6CC-46EF-A7E5-3EE7F19EE096}.Debug|Any CPU.Build.0 = Debug|Any CPU
		{A3B1CFF3-D6CC-46EF-A7E5-3EE7F19EE096}.Release|Any CPU.ActiveCfg = Release|Any CPU
		{A3B1CFF3-D6CC-46EF-A7E5-3EE7F19EE096}.Release|Any CPU.Build.0 = Release|Any CPU
	EndGlobalSection
	GlobalSection(SolutionProperties) = preSolution
		HideSolutionNode = FALSE
	EndGlobalSection
	GlobalSection(ExtensibilityGlobals) = postSolution
		SolutionGuid = {0713F232-7583-45DB-B584-00C41156F99B}
	EndGlobalSection
EndGlobal
